{
  "name": "eslint-plugin-reflow",
  "version": "1.0.0",
  "lockfileVersion": 1,
  "requires": true,
  "dependencies": {
    "@types/eslint": {
      "version": "7.2.6",
      "resolved": "https://registry.npmjs.org/@types/eslint/-/eslint-7.2.6.tgz",
      "integrity": "sha512-I+1sYH+NPQ3/tVqCeUSBwTE/0heyvtXqpIopUUArlBm0Kpocb8FbMa3AZ/ASKIFpN3rnEx932TTXDbt9OXsNDw==",
      "dev": true,
      "requires": {
        "@types/estree": "*",
        "@types/json-schema": "*"
      }
    },
    "@types/estree": {
      "version": "0.0.45",
      "resolved": "https://registry.npmjs.org/@types/estree/-/estree-0.0.45.tgz",
      "integrity": "sha512-jnqIUKDUqJbDIUxm0Uj7bnlMnRm1T/eZ9N+AVMqhPgzrba2GhGG5o/jCTwmdPK709nEZsGoMzXEDUjcXHa3W0g==",
      "dev": true
    },
    "@types/json-schema": {
      "version": "7.0.6",
      "resolved": "https://registry.npmjs.org/@types/json-schema/-/json-schema-7.0.6.tgz",
      "integrity": "sha512-3c+yGKvVP5Y9TYBEibGNR+kLtijnj7mYrXRg+WpFb2X9xm04g/DXYkfg4hmzJQosc9snFNUPkbYIhu+KAm6jJw==",
      "dev": true
    },
    "@types/node": {
      "version": "14.14.14",
      "resolved": "https://registry.npmjs.org/@types/node/-/node-14.14.14.tgz",
      "integrity": "sha512-UHnOPWVWV1z+VV8k6L1HhG7UbGBgIdghqF3l9Ny9ApPghbjICXkUJSd/b9gOgQfjM1r+37cipdw/HJ3F6ICEnQ==",
      "dev": true
    }
  }
}
